{
    "version": 3,
    "terraform_version": "0.11.7",
    "serial": 12,
    "lineage": "4e22ee3c-bb49-02a9-71b9-4c63f5865de5",
    "modules": [
        {
            "path": [
                "root"
            ],
            "outputs": {
                "instance_id": {
                    "sensitive": false,
                    "type": "string",
                    "value": "4235828201276294967"
                },
                "instance_template": {
                    "sensitive": false,
                    "type": "string",
                    "value": "https://www.googleapis.com/compute/beta/projects/cloudeng-poc-interview1/global/instanceTemplates/poc-interview-webserver-instance-template-6691003672461574082"
                }
            },
            "resources": {
                "google_compute_instance.data": {
                    "type": "google_compute_instance",
                    "depends_on": [],
                    "primary": {
                        "id": "data",
                        "attributes": {
                            "attached_disk.#": "0",
                            "boot_disk.#": "1",
                            "boot_disk.0.auto_delete": "true",
                            "boot_disk.0.device_name": "persistent-disk-0",
                            "boot_disk.0.disk_encryption_key_raw": "",
                            "boot_disk.0.disk_encryption_key_sha256": "",
                            "boot_disk.0.initialize_params.#": "1",
                            "boot_disk.0.initialize_params.0.image": "https://www.googleapis.com/compute/v1/projects/centos-cloud/global/images/centos-7-v20181113",
                            "boot_disk.0.initialize_params.0.size": "30",
                            "boot_disk.0.initialize_params.0.type": "pd-standard",
                            "boot_disk.0.source": "https://www.googleapis.com/compute/v1/projects/cloudeng-poc-interview1/zones/asia-southeast1-a/disks/data",
                            "can_ip_forward": "false",
                            "cpu_platform": "Unknown CPU Platform",
                            "create_timeout": "4",
                            "deletion_protection": "false",
                            "guest_accelerator.#": "0",
                            "id": "data",
                            "instance_id": "4235828201276294967",
                            "label_fingerprint": "eHi19t4klVk=",
                            "labels.%": "1",
                            "labels.environment": "development",
                            "machine_type": "n1-standard-1",
                            "metadata.%": "1",
                            "metadata.foo": "bar",
                            "metadata_fingerprint": "12RbKDEq_do=",
                            "metadata_startup_script": "",
                            "min_cpu_platform": "",
                            "name": "data",
                            "network_interface.#": "1",
                            "network_interface.0.access_config.#": "1",
                            "network_interface.0.access_config.0.assigned_nat_ip": "",
                            "network_interface.0.access_config.0.nat_ip": "",
                            "network_interface.0.access_config.0.network_tier": "PREMIUM",
                            "network_interface.0.access_config.0.public_ptr_domain_name": "",
                            "network_interface.0.address": "10.148.0.2",
                            "network_interface.0.alias_ip_range.#": "0",
                            "network_interface.0.name": "nic0",
                            "network_interface.0.network": "https://www.googleapis.com/compute/v1/projects/cloudeng-poc-interview1/global/networks/default",
                            "network_interface.0.network_ip": "10.148.0.2",
                            "network_interface.0.subnetwork": "https://www.googleapis.com/compute/v1/projects/cloudeng-poc-interview1/regions/asia-southeast1/subnetworks/default",
                            "network_interface.0.subnetwork_project": "cloudeng-poc-interview1",
                            "project": "cloudeng-poc-interview1",
                            "scheduling.#": "1",
                            "scheduling.0.automatic_restart": "false",
                            "scheduling.0.on_host_maintenance": "MIGRATE",
                            "scheduling.0.preemptible": "false",
                            "scratch_disk.#": "1",
                            "scratch_disk.0.interface": "SCSI",
                            "self_link": "https://www.googleapis.com/compute/v1/projects/cloudeng-poc-interview1/zones/asia-southeast1-a/instances/data",
                            "service_account.#": "1",
                            "service_account.0.email": "103996575390-compute@developer.gserviceaccount.com",
                            "service_account.0.scopes.#": "3",
                            "service_account.0.scopes.1632638332": "https://www.googleapis.com/auth/devstorage.read_only",
                            "service_account.0.scopes.2428168921": "https://www.googleapis.com/auth/userinfo.email",
                            "service_account.0.scopes.2862113455": "https://www.googleapis.com/auth/compute.readonly",
                            "tags.#": "2",
                            "tags.2918445923": "data",
                            "tags.3881167330": "bukalapak-cloudeng-poc",
                            "tags_fingerprint": "lKqml0S00Is=",
                            "zone": "asia-southeast1-a"
                        },
                        "meta": {
                            "e2bfb730-ecaa-11e6-8f88-34363bc7c4c0": {
                                "create": 360000000000,
                                "delete": 360000000000,
                                "update": 360000000000
                            },
                            "schema_version": "6"
                        },
                        "tainted": false
                    },
                    "deposed": [],
                    "provider": "provider.google"
                },
                "google_compute_instance_template.webserver": {
                    "type": "google_compute_instance_template",
                    "depends_on": [],
                    "primary": {
                        "id": "poc-interview-webserver-instance-template-6691003672461574082",
                        "attributes": {
                            "can_ip_forward": "false",
                            "description": "",
                            "disk.#": "1",
                            "disk.0.auto_delete": "true",
                            "disk.0.boot": "true",
                            "disk.0.device_name": "persistent-disk-0",
                            "disk.0.disk_name": "",
                            "disk.0.disk_size_gb": "0",
                            "disk.0.disk_type": "pd-standard",
                            "disk.0.interface": "SCSI",
                            "disk.0.mode": "READ_WRITE",
                            "disk.0.source": "",
                            "disk.0.source_image": "projects/cloudeng-poc-interview1/global/images/pocinterview1-wordpress",
                            "disk.0.type": "PERSISTENT",
                            "id": "poc-interview-webserver-instance-template-6691003672461574082",
                            "instance_description": "",
                            "labels.%": "1",
                            "labels.environment": "development",
                            "machine_type": "n1-standard-1",
                            "metadata.%": "1",
                            "metadata.ssh-keys": "fredysamuel:ssh-rsa AAAAB3NzaC1yc2EAAAADAQABAAACAQDclsmYt1pqZ9YDkOhCOv1uNRZBudijqNg1plwVrwb8Ei6vEvKRxk9zVyZgcoDvmm4Aph8KhWfvVNigyjFAbShmHRZteZ6ye02N5c8a6ZZK0FAoLKKyDRT45jrlLLyodTnX69l/okY3FnaVGMdZsME+1U4ymeCu0w9yVc+qURnpHn0yVUVoSHBtq9P6hTiiEmDod3d1ekjuy2PBHI4E4Aev1JpXTCi1e+Tz37zGdIQgVqMTx76s6wAs1819olJEvsWOqc6Ny99LDFZfDvPGD0IaR6KIu+G5qyPisMhaYLb9PzbT4vSMmUg6ZcWTG+TNw7hSteotkRQJdEYyyUSLpoy7zNLFpA1ndAgN4y+wNJxDKAplZMWRZgHhaGh+zxX0V6Mt5PZIhRuO+h9pOG9f6gg8Cdirq44QGEwLyBFgYeAn2lYelpENS1j4+oT7artjsh9T43KHWsDAsBdJ89MQhTck919+lOLLJhNwbJ3fRaqArl3JMj+qDP+BjrUPjz+DUux8JptOA7MGnxnMwFA710O+viCtVvKKHhtxPed4UJ+u7HVdp31FJMMEm0jQFTW0HrmNcFOTuU6D7Iwu/HMUltcCJf13GNJDQ7AE4dLPxSp2eCKgONF9SoHhi7g4xChhoGUwwqu6ZKVJzlLkw60ux4pfA5CysosdDQ271t2U3nDhWw== fredy@tarigan.id\n",
                            "metadata_fingerprint": "pD0e8o_yrhI=",
                            "min_cpu_platform": "",
                            "name": "poc-interview-webserver-instance-template-6691003672461574082",
                            "network_interface.#": "1",
                            "network_interface.0.access_config.#": "1",
                            "network_interface.0.access_config.0.assigned_nat_ip": "",
                            "network_interface.0.access_config.0.nat_ip": "",
                            "network_interface.0.access_config.0.network_tier": "PREMIUM",
                            "network_interface.0.address": "",
                            "network_interface.0.alias_ip_range.#": "0",
                            "network_interface.0.network": "https://www.googleapis.com/compute/v1/projects/cloudeng-poc-interview1/global/networks/default",
                            "network_interface.0.network_ip": "",
                            "network_interface.0.subnetwork": "",
                            "network_interface.0.subnetwork_project": "",
                            "project": "cloudeng-poc-interview1",
                            "region": "ap-southeast1",
                            "scheduling.#": "1",
                            "scheduling.0.automatic_restart": "true",
                            "scheduling.0.on_host_maintenance": "MIGRATE",
                            "scheduling.0.preemptible": "false",
                            "self_link": "https://www.googleapis.com/compute/beta/projects/cloudeng-poc-interview1/global/instanceTemplates/poc-interview-webserver-instance-template-6691003672461574082",
                            "tags.#": "3",
                            "tags.1936433573": "https-server",
                            "tags.2541227442": "http",
                            "tags.988335155": "http-server",
                            "tags_fingerprint": ""
                        },
                        "meta": {
                            "schema_version": "1"
                        },
                        "tainted": false
                    },
                    "deposed": [],
                    "provider": "provider.google"
                },
                "random_id.uuid": {
                    "type": "random_id",
                    "depends_on": [],
                    "primary": {
                        "id": "XNs4Y7_n_8I",
                        "attributes": {
                            "b64": "XNs4Y7_n_8I",
                            "b64_std": "XNs4Y7/n/8I=",
                            "b64_url": "XNs4Y7_n_8I",
                            "byte_length": "8",
                            "dec": "6691003672461574082",
                            "hex": "5cdb3863bfe7ffc2",
                            "id": "XNs4Y7_n_8I",
                            "keepers.%": "1",
                            "keepers.ami_id": "pocinterview1-wordpress"
                        },
                        "meta": {},
                        "tainted": false
                    },
                    "deposed": [],
                    "provider": "provider.random"
                }
            },
            "depends_on": []
        }
    ]
}
