{
    "version": 3,
    "terraform_version": "0.11.7",
    "serial": 11,
    "lineage": "4e22ee3c-bb49-02a9-71b9-4c63f5865de5",
    "modules": [
        {
            "path": [
                "root"
            ],
            "outputs": {
                "instance_id": {
                    "sensitive": false,
                    "type": "string",
                    "value": "4235828201276294967"
                },
                "instance_template": {
                    "sensitive": false,
                    "type": "string",
                    "value": "https://www.googleapis.com/compute/beta/projects/cloudeng-poc-interview1/global/instanceTemplates/poc-interview-webserver-instance-template-6691003672461574082"
                }
            },
            "resources": {
                "google_compute_autoscaler.autoscaler.0": {
                    "type": "google_compute_autoscaler",
                    "depends_on": [
                        "google_compute_instance_group_manager.webservers.*"
                    ],
                    "primary": {
                        "id": "asia-southeast1-a/pocintervew1-scaler-0",
                        "attributes": {
                            "autoscaling_policy.#": "1",
                            "autoscaling_policy.0.cooldown_period": "90",
                            "autoscaling_policy.0.cpu_utilization.#": "1",
                            "autoscaling_policy.0.cpu_utilization.0.target": "0.8",
                            "autoscaling_policy.0.load_balancing_utilization.#": "0",
                            "autoscaling_policy.0.max_replicas": "2",
                            "autoscaling_policy.0.metric.#": "0",
                            "autoscaling_policy.0.min_replicas": "1",
                            "creation_timestamp": "2018-12-07T07:44:44.110-08:00",
                            "description": "",
                            "id": "asia-southeast1-a/pocintervew1-scaler-0",
                            "name": "pocintervew1-scaler-0",
                            "project": "cloudeng-poc-interview1",
                            "self_link": "https://www.googleapis.com/compute/v1/projects/cloudeng-poc-interview1/zones/asia-southeast1-a/autoscalers/pocintervew1-scaler-0",
                            "target": "https://www.googleapis.com/compute/v1/projects/cloudeng-poc-interview1/zones/asia-southeast1-a/instanceGroupManagers/pocintervew1-instance-group-manager-0",
                            "zone": "https://www.googleapis.com/compute/v1/projects/cloudeng-poc-interview1/zones/asia-southeast1-a"
                        },
                        "meta": {
                            "e2bfb730-ecaa-11e6-8f88-34363bc7c4c0": {
                                "create": 240000000000,
                                "delete": 240000000000,
                                "update": 240000000000
                            }
                        },
                        "tainted": false
                    },
                    "deposed": [],
                    "provider": "provider.google"
                },
                "google_compute_autoscaler.autoscaler.1": {
                    "type": "google_compute_autoscaler",
                    "depends_on": [
                        "google_compute_instance_group_manager.webservers.*"
                    ],
                    "primary": {
                        "id": "asia-southeast1-b/pocintervew1-scaler-1",
                        "attributes": {
                            "autoscaling_policy.#": "1",
                            "autoscaling_policy.0.cooldown_period": "90",
                            "autoscaling_policy.0.cpu_utilization.#": "1",
                            "autoscaling_policy.0.cpu_utilization.0.target": "0.8",
                            "autoscaling_policy.0.load_balancing_utilization.#": "0",
                            "autoscaling_policy.0.max_replicas": "2",
                            "autoscaling_policy.0.metric.#": "0",
                            "autoscaling_policy.0.min_replicas": "1",
                            "creation_timestamp": "2018-12-07T07:44:44.213-08:00",
                            "description": "",
                            "id": "asia-southeast1-b/pocintervew1-scaler-1",
                            "name": "pocintervew1-scaler-1",
                            "project": "cloudeng-poc-interview1",
                            "self_link": "https://www.googleapis.com/compute/v1/projects/cloudeng-poc-interview1/zones/asia-southeast1-b/autoscalers/pocintervew1-scaler-1",
                            "target": "https://www.googleapis.com/compute/v1/projects/cloudeng-poc-interview1/zones/asia-southeast1-b/instanceGroupManagers/pocintervew1-instance-group-manager-1",
                            "zone": "https://www.googleapis.com/compute/v1/projects/cloudeng-poc-interview1/zones/asia-southeast1-b"
                        },
                        "meta": {
                            "e2bfb730-ecaa-11e6-8f88-34363bc7c4c0": {
                                "create": 240000000000,
                                "delete": 240000000000,
                                "update": 240000000000
                            }
                        },
                        "tainted": false
                    },
                    "deposed": [],
                    "provider": "provider.google"
                },
                "google_compute_autoscaler.autoscaler.2": {
                    "type": "google_compute_autoscaler",
                    "depends_on": [
                        "google_compute_instance_group_manager.webservers.*"
                    ],
                    "primary": {
                        "id": "asia-southeast1-c/pocintervew1-scaler-2",
                        "attributes": {
                            "autoscaling_policy.#": "1",
                            "autoscaling_policy.0.cooldown_period": "90",
                            "autoscaling_policy.0.cpu_utilization.#": "1",
                            "autoscaling_policy.0.cpu_utilization.0.target": "0.8",
                            "autoscaling_policy.0.load_balancing_utilization.#": "0",
                            "autoscaling_policy.0.max_replicas": "2",
                            "autoscaling_policy.0.metric.#": "0",
                            "autoscaling_policy.0.min_replicas": "1",
                            "creation_timestamp": "2018-12-07T07:44:43.888-08:00",
                            "description": "",
                            "id": "asia-southeast1-c/pocintervew1-scaler-2",
                            "name": "pocintervew1-scaler-2",
                            "project": "cloudeng-poc-interview1",
                            "self_link": "https://www.googleapis.com/compute/v1/projects/cloudeng-poc-interview1/zones/asia-southeast1-c/autoscalers/pocintervew1-scaler-2",
                            "target": "https://www.googleapis.com/compute/v1/projects/cloudeng-poc-interview1/zones/asia-southeast1-c/instanceGroupManagers/pocintervew1-instance-group-manager-2",
                            "zone": "https://www.googleapis.com/compute/v1/projects/cloudeng-poc-interview1/zones/asia-southeast1-c"
                        },
                        "meta": {
                            "e2bfb730-ecaa-11e6-8f88-34363bc7c4c0": {
                                "create": 240000000000,
                                "delete": 240000000000,
                                "update": 240000000000
                            }
                        },
                        "tainted": false
                    },
                    "deposed": [],
                    "provider": "provider.google"
                },
                "google_compute_backend_service.backend_service": {
                    "type": "google_compute_backend_service",
                    "depends_on": [
                        "google_compute_http_health_check.healthcheck",
                        "google_compute_instance_group_manager.webservers.*"
                    ],
                    "primary": {
                        "id": "pocintervew1-backend-service",
                        "attributes": {
                            "backend.#": "3",
                            "backend.2186373227.balancing_mode": "RATE",
                            "backend.2186373227.capacity_scaler": "1",
                            "backend.2186373227.description": "",
                            "backend.2186373227.group": "https://www.googleapis.com/compute/beta/projects/cloudeng-poc-interview1/zones/asia-southeast1-c/instanceGroups/pocintervew1-instance-group-manager-2",
                            "backend.2186373227.max_connections": "0",
                            "backend.2186373227.max_connections_per_instance": "0",
                            "backend.2186373227.max_rate": "0",
                            "backend.2186373227.max_rate_per_instance": "100",
                            "backend.2186373227.max_utilization": "0.8",
                            "backend.3414627356.balancing_mode": "RATE",
                            "backend.3414627356.capacity_scaler": "1",
                            "backend.3414627356.description": "",
                            "backend.3414627356.group": "https://www.googleapis.com/compute/beta/projects/cloudeng-poc-interview1/zones/asia-southeast1-a/instanceGroups/pocintervew1-instance-group-manager-0",
                            "backend.3414627356.max_connections": "0",
                            "backend.3414627356.max_connections_per_instance": "0",
                            "backend.3414627356.max_rate": "0",
                            "backend.3414627356.max_rate_per_instance": "100",
                            "backend.3414627356.max_utilization": "0.8",
                            "backend.3613361065.balancing_mode": "RATE",
                            "backend.3613361065.capacity_scaler": "1",
                            "backend.3613361065.description": "",
                            "backend.3613361065.group": "https://www.googleapis.com/compute/beta/projects/cloudeng-poc-interview1/zones/asia-southeast1-b/instanceGroups/pocintervew1-instance-group-manager-1",
                            "backend.3613361065.max_connections": "0",
                            "backend.3613361065.max_connections_per_instance": "0",
                            "backend.3613361065.max_rate": "0",
                            "backend.3613361065.max_rate_per_instance": "100",
                            "backend.3613361065.max_utilization": "0.8",
                            "cdn_policy.#": "1",
                            "cdn_policy.0.cache_key_policy.#": "1",
                            "cdn_policy.0.cache_key_policy.0.include_host": "false",
                            "cdn_policy.0.cache_key_policy.0.include_protocol": "false",
                            "cdn_policy.0.cache_key_policy.0.include_query_string": "false",
                            "cdn_policy.0.cache_key_policy.0.query_string_blacklist.#": "0",
                            "cdn_policy.0.cache_key_policy.0.query_string_whitelist.#": "0",
                            "connection_draining_timeout_sec": "300",
                            "custom_request_headers.#": "0",
                            "description": "",
                            "enable_cdn": "false",
                            "fingerprint": "-FAuRq804Bs=",
                            "health_checks.#": "1",
                            "health_checks.2180433908": "https://www.googleapis.com/compute/beta/projects/cloudeng-poc-interview1/global/httpHealthChecks/pocintervew1-healthcheck",
                            "iap.#": "0",
                            "id": "pocintervew1-backend-service",
                            "name": "pocintervew1-backend-service",
                            "port_name": "http",
                            "project": "cloudeng-poc-interview1",
                            "protocol": "HTTP",
                            "security_policy": "",
                            "self_link": "https://www.googleapis.com/compute/v1/projects/cloudeng-poc-interview1/global/backendServices/pocintervew1-backend-service",
                            "session_affinity": "NONE",
                            "timeout_sec": "30"
                        },
                        "meta": {
                            "schema_version": "1"
                        },
                        "tainted": false
                    },
                    "deposed": [],
                    "provider": "provider.google"
                },
                "google_compute_global_forwarding_rule.global_forwarding_rule": {
                    "type": "google_compute_global_forwarding_rule",
                    "depends_on": [
                        "google_compute_target_http_proxy.target_http_proxy"
                    ],
                    "primary": {
                        "id": "pocintervew1-global-forwarding-rule",
                        "attributes": {
                            "description": "",
                            "id": "pocintervew1-global-forwarding-rule",
                            "ip_address": "35.244.193.40",
                            "ip_protocol": "TCP",
                            "ip_version": "",
                            "label_fingerprint": "42WmSpB8rSM=",
                            "labels.%": "0",
                            "name": "pocintervew1-global-forwarding-rule",
                            "port_range": "80-80",
                            "project": "cloudeng-poc-interview1",
                            "self_link": "https://www.googleapis.com/compute/v1/projects/cloudeng-poc-interview1/global/forwardingRules/pocintervew1-global-forwarding-rule",
                            "target": "https://www.googleapis.com/compute/beta/projects/cloudeng-poc-interview1/global/targetHttpProxies/pocintervew1-proxy"
                        },
                        "meta": {},
                        "tainted": false
                    },
                    "deposed": [],
                    "provider": "provider.google"
                },
                "google_compute_http_health_check.healthcheck": {
                    "type": "google_compute_http_health_check",
                    "depends_on": [],
                    "primary": {
                        "id": "pocintervew1-healthcheck",
                        "attributes": {
                            "check_interval_sec": "5",
                            "creation_timestamp": "2018-12-07T07:44:27.154-08:00",
                            "description": "",
                            "healthy_threshold": "2",
                            "host": "",
                            "id": "pocintervew1-healthcheck",
                            "name": "pocintervew1-healthcheck",
                            "port": "80",
                            "project": "cloudeng-poc-interview1",
                            "request_path": "/",
                            "self_link": "https://www.googleapis.com/compute/v1/projects/cloudeng-poc-interview1/global/httpHealthChecks/pocintervew1-healthcheck",
                            "timeout_sec": "5",
                            "unhealthy_threshold": "2"
                        },
                        "meta": {
                            "e2bfb730-ecaa-11e6-8f88-34363bc7c4c0": {
                                "create": 240000000000,
                                "delete": 240000000000,
                                "update": 240000000000
                            }
                        },
                        "tainted": false
                    },
                    "deposed": [],
                    "provider": "provider.google"
                },
                "google_compute_instance.data": {
                    "type": "google_compute_instance",
                    "depends_on": [],
                    "primary": {
                        "id": "data",
                        "attributes": {
                            "attached_disk.#": "0",
                            "boot_disk.#": "1",
                            "boot_disk.0.auto_delete": "true",
                            "boot_disk.0.device_name": "persistent-disk-0",
                            "boot_disk.0.disk_encryption_key_raw": "",
                            "boot_disk.0.disk_encryption_key_sha256": "",
                            "boot_disk.0.initialize_params.#": "1",
                            "boot_disk.0.initialize_params.0.image": "https://www.googleapis.com/compute/v1/projects/centos-cloud/global/images/centos-7-v20181113",
                            "boot_disk.0.initialize_params.0.size": "30",
                            "boot_disk.0.initialize_params.0.type": "pd-standard",
                            "boot_disk.0.source": "https://www.googleapis.com/compute/v1/projects/cloudeng-poc-interview1/zones/asia-southeast1-a/disks/data",
                            "can_ip_forward": "false",
                            "cpu_platform": "Intel Broadwell",
                            "create_timeout": "4",
                            "deletion_protection": "false",
                            "guest_accelerator.#": "0",
                            "id": "data",
                            "instance_id": "4235828201276294967",
                            "label_fingerprint": "eHi19t4klVk=",
                            "labels.%": "1",
                            "labels.environment": "development",
                            "machine_type": "n1-standard-1",
                            "metadata.%": "1",
                            "metadata.foo": "bar",
                            "metadata_fingerprint": "12RbKDEq_do=",
                            "metadata_startup_script": "",
                            "min_cpu_platform": "",
                            "name": "data",
                            "network_interface.#": "1",
                            "network_interface.0.access_config.#": "1",
                            "network_interface.0.access_config.0.assigned_nat_ip": "35.187.232.85",
                            "network_interface.0.access_config.0.nat_ip": "35.187.232.85",
                            "network_interface.0.access_config.0.network_tier": "PREMIUM",
                            "network_interface.0.access_config.0.public_ptr_domain_name": "",
                            "network_interface.0.address": "10.148.0.2",
                            "network_interface.0.alias_ip_range.#": "0",
                            "network_interface.0.name": "nic0",
                            "network_interface.0.network": "https://www.googleapis.com/compute/v1/projects/cloudeng-poc-interview1/global/networks/default",
                            "network_interface.0.network_ip": "10.148.0.2",
                            "network_interface.0.subnetwork": "https://www.googleapis.com/compute/v1/projects/cloudeng-poc-interview1/regions/asia-southeast1/subnetworks/default",
                            "network_interface.0.subnetwork_project": "cloudeng-poc-interview1",
                            "project": "cloudeng-poc-interview1",
                            "scheduling.#": "1",
                            "scheduling.0.automatic_restart": "false",
                            "scheduling.0.on_host_maintenance": "MIGRATE",
                            "scheduling.0.preemptible": "false",
                            "scratch_disk.#": "1",
                            "scratch_disk.0.interface": "SCSI",
                            "self_link": "https://www.googleapis.com/compute/v1/projects/cloudeng-poc-interview1/zones/asia-southeast1-a/instances/data",
                            "service_account.#": "1",
                            "service_account.0.email": "103996575390-compute@developer.gserviceaccount.com",
                            "service_account.0.scopes.#": "3",
                            "service_account.0.scopes.1632638332": "https://www.googleapis.com/auth/devstorage.read_only",
                            "service_account.0.scopes.2428168921": "https://www.googleapis.com/auth/userinfo.email",
                            "service_account.0.scopes.2862113455": "https://www.googleapis.com/auth/compute.readonly",
                            "tags.#": "2",
                            "tags.2918445923": "data",
                            "tags.3881167330": "bukalapak-cloudeng-poc",
                            "tags_fingerprint": "lKqml0S00Is=",
                            "zone": "asia-southeast1-a"
                        },
                        "meta": {
                            "e2bfb730-ecaa-11e6-8f88-34363bc7c4c0": {
                                "create": 360000000000,
                                "delete": 360000000000,
                                "update": 360000000000
                            },
                            "schema_version": "6"
                        },
                        "tainted": false
                    },
                    "deposed": [],
                    "provider": "provider.google"
                },
                "google_compute_instance_group_manager.webservers.0": {
                    "type": "google_compute_instance_group_manager",
                    "depends_on": [
                        "google_compute_instance_template.webserver"
                    ],
                    "primary": {
                        "id": "pocintervew1-instance-group-manager-0",
                        "attributes": {
                            "auto_healing_policies.#": "0",
                            "base_instance_name": "pocintervew1-webserver-instance",
                            "description": "",
                            "fingerprint": "NS8w2b2HeaE=",
                            "id": "pocintervew1-instance-group-manager-0",
                            "instance_group": "https://www.googleapis.com/compute/v1/projects/cloudeng-poc-interview1/zones/asia-southeast1-a/instanceGroups/pocintervew1-instance-group-manager-0",
                            "instance_template": "https://www.googleapis.com/compute/v1/projects/cloudeng-poc-interview1/global/instanceTemplates/poc-interview-webserver-instance-template-6691003672461574082",
                            "name": "pocintervew1-instance-group-manager-0",
                            "named_port.#": "1",
                            "named_port.0.name": "http",
                            "named_port.0.port": "80",
                            "project": "cloudeng-poc-interview1",
                            "self_link": "https://www.googleapis.com/compute/v1/projects/cloudeng-poc-interview1/zones/asia-southeast1-a/instanceGroupManagers/pocintervew1-instance-group-manager-0",
                            "target_pools.#": "0",
                            "target_size": "0",
                            "update_strategy": "REPLACE",
                            "version.#": "1",
                            "version.0.instance_template": "https://www.googleapis.com/compute/v1/projects/cloudeng-poc-interview1/global/instanceTemplates/poc-interview-webserver-instance-template-6691003672461574082",
                            "version.0.name": "",
                            "version.0.target_size.#": "0",
                            "wait_for_instances": "false",
                            "zone": "asia-southeast1-a"
                        },
                        "meta": {},
                        "tainted": false
                    },
                    "deposed": [],
                    "provider": "provider.google"
                },
                "google_compute_instance_group_manager.webservers.1": {
                    "type": "google_compute_instance_group_manager",
                    "depends_on": [
                        "google_compute_instance_template.webserver"
                    ],
                    "primary": {
                        "id": "pocintervew1-instance-group-manager-1",
                        "attributes": {
                            "auto_healing_policies.#": "0",
                            "base_instance_name": "pocintervew1-webserver-instance",
                            "description": "",
                            "fingerprint": "NS8w2b2HeaE=",
                            "id": "pocintervew1-instance-group-manager-1",
                            "instance_group": "https://www.googleapis.com/compute/v1/projects/cloudeng-poc-interview1/zones/asia-southeast1-b/instanceGroups/pocintervew1-instance-group-manager-1",
                            "instance_template": "https://www.googleapis.com/compute/v1/projects/cloudeng-poc-interview1/global/instanceTemplates/poc-interview-webserver-instance-template-6691003672461574082",
                            "name": "pocintervew1-instance-group-manager-1",
                            "named_port.#": "1",
                            "named_port.0.name": "http",
                            "named_port.0.port": "80",
                            "project": "cloudeng-poc-interview1",
                            "self_link": "https://www.googleapis.com/compute/v1/projects/cloudeng-poc-interview1/zones/asia-southeast1-b/instanceGroupManagers/pocintervew1-instance-group-manager-1",
                            "target_pools.#": "0",
                            "target_size": "0",
                            "update_strategy": "REPLACE",
                            "version.#": "1",
                            "version.0.instance_template": "https://www.googleapis.com/compute/v1/projects/cloudeng-poc-interview1/global/instanceTemplates/poc-interview-webserver-instance-template-6691003672461574082",
                            "version.0.name": "",
                            "version.0.target_size.#": "0",
                            "wait_for_instances": "false",
                            "zone": "asia-southeast1-b"
                        },
                        "meta": {},
                        "tainted": false
                    },
                    "deposed": [],
                    "provider": "provider.google"
                },
                "google_compute_instance_group_manager.webservers.2": {
                    "type": "google_compute_instance_group_manager",
                    "depends_on": [
                        "google_compute_instance_template.webserver"
                    ],
                    "primary": {
                        "id": "pocintervew1-instance-group-manager-2",
                        "attributes": {
                            "auto_healing_policies.#": "0",
                            "base_instance_name": "pocintervew1-webserver-instance",
                            "description": "",
                            "fingerprint": "NS8w2b2HeaE=",
                            "id": "pocintervew1-instance-group-manager-2",
                            "instance_group": "https://www.googleapis.com/compute/v1/projects/cloudeng-poc-interview1/zones/asia-southeast1-c/instanceGroups/pocintervew1-instance-group-manager-2",
                            "instance_template": "https://www.googleapis.com/compute/v1/projects/cloudeng-poc-interview1/global/instanceTemplates/poc-interview-webserver-instance-template-6691003672461574082",
                            "name": "pocintervew1-instance-group-manager-2",
                            "named_port.#": "1",
                            "named_port.0.name": "http",
                            "named_port.0.port": "80",
                            "project": "cloudeng-poc-interview1",
                            "self_link": "https://www.googleapis.com/compute/v1/projects/cloudeng-poc-interview1/zones/asia-southeast1-c/instanceGroupManagers/pocintervew1-instance-group-manager-2",
                            "target_pools.#": "0",
                            "target_size": "0",
                            "update_strategy": "REPLACE",
                            "version.#": "1",
                            "version.0.instance_template": "https://www.googleapis.com/compute/v1/projects/cloudeng-poc-interview1/global/instanceTemplates/poc-interview-webserver-instance-template-6691003672461574082",
                            "version.0.name": "",
                            "version.0.target_size.#": "0",
                            "wait_for_instances": "false",
                            "zone": "asia-southeast1-c"
                        },
                        "meta": {},
                        "tainted": false
                    },
                    "deposed": [],
                    "provider": "provider.google"
                },
                "google_compute_instance_template.webserver": {
                    "type": "google_compute_instance_template",
                    "depends_on": [],
                    "primary": {
                        "id": "poc-interview-webserver-instance-template-6691003672461574082",
                        "attributes": {
                            "can_ip_forward": "false",
                            "description": "",
                            "disk.#": "1",
                            "disk.0.auto_delete": "true",
                            "disk.0.boot": "true",
                            "disk.0.device_name": "persistent-disk-0",
                            "disk.0.disk_name": "",
                            "disk.0.disk_size_gb": "0",
                            "disk.0.disk_type": "pd-standard",
                            "disk.0.interface": "SCSI",
                            "disk.0.mode": "READ_WRITE",
                            "disk.0.source": "",
                            "disk.0.source_image": "projects/cloudeng-poc-interview1/global/images/pocinterview1-wordpress",
                            "disk.0.type": "PERSISTENT",
                            "id": "poc-interview-webserver-instance-template-6691003672461574082",
                            "instance_description": "",
                            "labels.%": "1",
                            "labels.environment": "development",
                            "machine_type": "n1-standard-1",
                            "metadata.%": "1",
                            "metadata.ssh-keys": "fredysamuel:ssh-rsa AAAAB3NzaC1yc2EAAAADAQABAAACAQDclsmYt1pqZ9YDkOhCOv1uNRZBudijqNg1plwVrwb8Ei6vEvKRxk9zVyZgcoDvmm4Aph8KhWfvVNigyjFAbShmHRZteZ6ye02N5c8a6ZZK0FAoLKKyDRT45jrlLLyodTnX69l/okY3FnaVGMdZsME+1U4ymeCu0w9yVc+qURnpHn0yVUVoSHBtq9P6hTiiEmDod3d1ekjuy2PBHI4E4Aev1JpXTCi1e+Tz37zGdIQgVqMTx76s6wAs1819olJEvsWOqc6Ny99LDFZfDvPGD0IaR6KIu+G5qyPisMhaYLb9PzbT4vSMmUg6ZcWTG+TNw7hSteotkRQJdEYyyUSLpoy7zNLFpA1ndAgN4y+wNJxDKAplZMWRZgHhaGh+zxX0V6Mt5PZIhRuO+h9pOG9f6gg8Cdirq44QGEwLyBFgYeAn2lYelpENS1j4+oT7artjsh9T43KHWsDAsBdJ89MQhTck919+lOLLJhNwbJ3fRaqArl3JMj+qDP+BjrUPjz+DUux8JptOA7MGnxnMwFA710O+viCtVvKKHhtxPed4UJ+u7HVdp31FJMMEm0jQFTW0HrmNcFOTuU6D7Iwu/HMUltcCJf13GNJDQ7AE4dLPxSp2eCKgONF9SoHhi7g4xChhoGUwwqu6ZKVJzlLkw60ux4pfA5CysosdDQ271t2U3nDhWw== fredy@tarigan.id\n",
                            "metadata_fingerprint": "pD0e8o_yrhI=",
                            "min_cpu_platform": "",
                            "name": "poc-interview-webserver-instance-template-6691003672461574082",
                            "network_interface.#": "1",
                            "network_interface.0.access_config.#": "1",
                            "network_interface.0.access_config.0.assigned_nat_ip": "",
                            "network_interface.0.access_config.0.nat_ip": "",
                            "network_interface.0.access_config.0.network_tier": "PREMIUM",
                            "network_interface.0.address": "",
                            "network_interface.0.alias_ip_range.#": "0",
                            "network_interface.0.network": "https://www.googleapis.com/compute/v1/projects/cloudeng-poc-interview1/global/networks/default",
                            "network_interface.0.network_ip": "",
                            "network_interface.0.subnetwork": "",
                            "network_interface.0.subnetwork_project": "",
                            "project": "cloudeng-poc-interview1",
                            "region": "ap-southeast1",
                            "scheduling.#": "1",
                            "scheduling.0.automatic_restart": "true",
                            "scheduling.0.on_host_maintenance": "MIGRATE",
                            "scheduling.0.preemptible": "false",
                            "self_link": "https://www.googleapis.com/compute/beta/projects/cloudeng-poc-interview1/global/instanceTemplates/poc-interview-webserver-instance-template-6691003672461574082",
                            "tags.#": "3",
                            "tags.1936433573": "https-server",
                            "tags.2541227442": "http",
                            "tags.988335155": "http-server",
                            "tags_fingerprint": ""
                        },
                        "meta": {
                            "schema_version": "1"
                        },
                        "tainted": false
                    },
                    "deposed": [],
                    "provider": "provider.google"
                },
                "google_compute_target_http_proxy.target_http_proxy": {
                    "type": "google_compute_target_http_proxy",
                    "depends_on": [
                        "google_compute_url_map.url_map"
                    ],
                    "primary": {
                        "id": "pocintervew1-proxy",
                        "attributes": {
                            "creation_timestamp": "2018-12-07T07:45:03.097-08:00",
                            "description": "",
                            "id": "pocintervew1-proxy",
                            "name": "pocintervew1-proxy",
                            "project": "cloudeng-poc-interview1",
                            "proxy_id": "497227558596062096",
                            "self_link": "https://www.googleapis.com/compute/v1/projects/cloudeng-poc-interview1/global/targetHttpProxies/pocintervew1-proxy",
                            "url_map": "https://www.googleapis.com/compute/v1/projects/cloudeng-poc-interview1/global/urlMaps/pocintervew1-url-map"
                        },
                        "meta": {
                            "e2bfb730-ecaa-11e6-8f88-34363bc7c4c0": {
                                "create": 240000000000,
                                "delete": 240000000000,
                                "update": 240000000000
                            }
                        },
                        "tainted": false
                    },
                    "deposed": [],
                    "provider": "provider.google"
                },
                "google_compute_url_map.url_map": {
                    "type": "google_compute_url_map",
                    "depends_on": [
                        "google_compute_backend_service.backend_service"
                    ],
                    "primary": {
                        "id": "pocintervew1-url-map",
                        "attributes": {
                            "default_service": "https://www.googleapis.com/compute/v1/projects/cloudeng-poc-interview1/global/backendServices/pocintervew1-backend-service",
                            "fingerprint": "wBSsFiYNLLI=",
                            "host_rule.#": "0",
                            "id": "pocintervew1-url-map",
                            "map_id": "2183834208980904860",
                            "name": "pocintervew1-url-map",
                            "path_matcher.#": "0",
                            "project": "cloudeng-poc-interview1",
                            "self_link": "https://www.googleapis.com/compute/v1/projects/cloudeng-poc-interview1/global/urlMaps/pocintervew1-url-map",
                            "test.#": "0"
                        },
                        "meta": {},
                        "tainted": false
                    },
                    "deposed": [],
                    "provider": "provider.google"
                },
                "random_id.uuid": {
                    "type": "random_id",
                    "depends_on": [],
                    "primary": {
                        "id": "XNs4Y7_n_8I",
                        "attributes": {
                            "b64": "XNs4Y7_n_8I",
                            "b64_std": "XNs4Y7/n/8I=",
                            "b64_url": "XNs4Y7_n_8I",
                            "byte_length": "8",
                            "dec": "6691003672461574082",
                            "hex": "5cdb3863bfe7ffc2",
                            "id": "XNs4Y7_n_8I",
                            "keepers.%": "1",
                            "keepers.ami_id": "pocinterview1-wordpress"
                        },
                        "meta": {},
                        "tainted": false
                    },
                    "deposed": [],
                    "provider": "provider.random"
                }
            },
            "depends_on": []
        }
    ]
}
